
Microsoft Visual Studio Solution File, Format Version 12.00
# Visual Studio Version 17
VisualStudioVersion = 17.4.33213.308
MinimumVisualStudioVersion = 10.0.40219.1
Project("{FAE04EC0-301F-11D3-BF4B-00C04F79EFBC}") = "Hello", "Hello\Hello.csproj", "{A59D97FD-B05C-4FA1-97A6-E0D79CF22BBD}"
EndProject
Global
	GlobalSection(SolutionConfigurationPlatforms) = preSolution
		Debug|Any CPU = Debug|Any CPU
		Release|Any CPU = Release|Any CPU
	EndGlobalSection
	GlobalSection(ProjectConfigurationPlatforms) = postSolution
		{A59D97FD-B05C-4FA1-97A6-E0D79CF22BBD}.Debug|Any CPU.ActiveCfg = Debug|Any CPU
		{A59D97FD-B05C-4FA1-97A6-E0D79CF22BBD}.Debug|Any CPU.Build.0 = Debug|Any CPU
		{A59D97FD-B05C-4FA1-97A6-E0D79CF22BBD}.Release|Any CPU.ActiveCfg = Release|Any CPU
		{A59D97FD-B05C-4FA1-97A6-E0D79CF22BBD}.Release|Any CPU.Build.0 = Release|Any CPU
	EndGlobalSection
	GlobalSection(SolutionProperties) = preSolution
		HideSolutionNode = FALSE
	EndGlobalSection
	GlobalSection(ExtensibilityGlobals) = postSolution
		SolutionGuid = {1D55A706-BCAB-450C-960D-38D44AA01CD2}
	EndGlobalSection
EndGlobal
